// !$*UTF8*$!
{
	archiveVersion = 1;
	classes = {
	};
	objectVersion = 46;
	objects = {

/* Begin PBXBuildFile section */
		09C0D31A83AE15B5D031FB80 /* Pods_CardsDesign.framework in Frameworks */ = {isa = PBXBuildFile; fileRef = CB12D79146CDD5326BA87114 /* Pods_CardsDesign.framework */; };
		54039DE01E01F92E00D9A007 /* AppDelegate.swift in Sources */ = {isa = PBXBuildFile; fileRef = 54039DDF1E01F92E00D9A007 /* AppDelegate.swift */; };
		54039DE21E01F92E00D9A007 /* ViewController.swift in Sources */ = {isa = PBXBuildFile; fileRef = 54039DE11E01F92E00D9A007 /* ViewController.swift */; };
		54039DE51E01F92E00D9A007 /* Main.storyboard in Resources */ = {isa = PBXBuildFile; fileRef = 54039DE31E01F92E00D9A007 /* Main.storyboard */; };
		54039DEA1E01F92E00D9A007 /* LaunchScreen.storyboard in Resources */ = {isa = PBXBuildFile; fileRef = 54039DE81E01F92E00D9A007 /* LaunchScreen.storyboard */; };
		54039DF51E01F92E00D9A007 /* CardsDesignTests.swift in Sources */ = {isa = PBXBuildFile; fileRef = 54039DF41E01F92E00D9A007 /* CardsDesignTests.swift */; };
		54039E001E01F92F00D9A007 /* CardsDesignUITests.swift in Sources */ = {isa = PBXBuildFile; fileRef = 54039DFF1E01F92F00D9A007 /* CardsDesignUITests.swift */; };
		54792B1B1E02162B003C6372 /* DraggableView.swift in Sources */ = {isa = PBXBuildFile; fileRef = 54792B181E02162B003C6372 /* DraggableView.swift */; };
		54792B1C1E02162B003C6372 /* DraggableViewBackground.swift in Sources */ = {isa = PBXBuildFile; fileRef = 54792B191E02162B003C6372 /* DraggableViewBackground.swift */; };
		54792B1D1E02162B003C6372 /* OverlayView.swift in Sources */ = {isa = PBXBuildFile; fileRef = 54792B1A1E02162B003C6372 /* OverlayView.swift */; };
		54792B231E0299CE003C6372 /* Assets.xcassets in Resources */ = {isa = PBXBuildFile; fileRef = 54792B221E0299CE003C6372 /* Assets.xcassets */; };
		54792B251E02B2C4003C6372 /* restaurant-1.jpg in Resources */ = {isa = PBXBuildFile; fileRef = 54792B241E02B2C4003C6372 /* restaurant-1.jpg */; };
		54792B271E02B777003C6372 /* greenRect.png in Resources */ = {isa = PBXBuildFile; fileRef = 54792B261E02B777003C6372 /* greenRect.png */; };
		54AA26BF1E04085F004BE786 /* GetFirebaseData.swift in Sources */ = {isa = PBXBuildFile; fileRef = 54AA26BE1E04085F004BE786 /* GetFirebaseData.swift */; };
		54AA26C11E040A02004BE786 /* RestaurantModel.swift in Sources */ = {isa = PBXBuildFile; fileRef = 54AA26C01E040A02004BE786 /* RestaurantModel.swift */; };
		54BA92D01E03C74C00F71AF1 /* FIRDataObject.swift in Sources */ = {isa = PBXBuildFile; fileRef = 54BA92CF1E03C74C00F71AF1 /* FIRDataObject.swift */; };
		54BA92D21E03D14400F71AF1 /* GoogleService-Info.plist in Resources */ = {isa = PBXBuildFile; fileRef = 54BA92D11E03D14400F71AF1 /* GoogleService-Info.plist */; };
/* End PBXBuildFile section */

/* Begin PBXContainerItemProxy section */
		54039DF11E01F92E00D9A007 /* PBXContainerItemProxy */ = {
			isa = PBXContainerItemProxy;
			containerPortal = 54039DD41E01F92E00D9A007 /* Project object */;
			proxyType = 1;
			remoteGlobalIDString = 54039DDB1E01F92E00D9A007;
			remoteInfo = CardsDesign;
		};
		54039DFC1E01F92F00D9A007 /* PBXContainerItemProxy */ = {
			isa = PBXContainerItemProxy;
			containerPortal = 54039DD41E01F92E00D9A007 /* Project object */;
			proxyType = 1;
			remoteGlobalIDString = 54039DDB1E01F92E00D9A007;
			remoteInfo = CardsDesign;
		};
/* End PBXContainerItemProxy section */

/* Begin PBXFileReference section */
		05D84B35CB793CD878790675 /* Pods_CardsDesignUITests.framework */ = {isa = PBXFileReference; explicitFileType = wrapper.framework; includeInIndex = 0; path = Pods_CardsDesignUITests.framework; sourceTree = BUILT_PRODUCTS_DIR; };
		54039DDC1E01F92E00D9A007 /* CardsDesign.app */ = {isa = PBXFileReference; explicitFileType = wrapper.application; includeInIndex = 0; path = CardsDesign.app; sourceTree = BUILT_PRODUCTS_DIR; };
		54039DDF1E01F92E00D9A007 /* AppDelegate.swift */ = {isa = PBXFileReference; lastKnownFileType = sourcecode.swift; path = AppDelegate.swift; sourceTree = "<group>"; };
		54039DE11E01F92E00D9A007 /* ViewController.swift */ = {isa = PBXFileReference; lastKnownFileType = sourcecode.swift; path = ViewController.swift; sourceTree = "<group>"; };
		54039DE41E01F92E00D9A007 /* Base */ = {isa = PBXFileReference; lastKnownFileType = file.storyboard; name = Base; path = Base.lproj/Main.storyboard; sourceTree = "<group>"; };
		54039DE91E01F92E00D9A007 /* Base */ = {isa = PBXFileReference; lastKnownFileType = file.storyboard; name = Base; path = Base.lproj/LaunchScreen.storyboard; sourceTree = "<group>"; };
		54039DEB1E01F92E00D9A007 /* Info.plist */ = {isa = PBXFileReference; lastKnownFileType = text.plist.xml; path = Info.plist; sourceTree = "<group>"; };
		54039DF01E01F92E00D9A007 /* CardsDesignTests.xctest */ = {isa = PBXFileReference; explicitFileType = wrapper.cfbundle; includeInIndex = 0; path = CardsDesignTests.xctest; sourceTree = BUILT_PRODUCTS_DIR; };
		54039DF41E01F92E00D9A007 /* CardsDesignTests.swift */ = {isa = PBXFileReference; lastKnownFileType = sourcecode.swift; path = CardsDesignTests.swift; sourceTree = "<group>"; };
		54039DF61E01F92F00D9A007 /* Info.plist */ = {isa = PBXFileReference; lastKnownFileType = text.plist.xml; path = Info.plist; sourceTree = "<group>"; };
		54039DFB1E01F92F00D9A007 /* CardsDesignUITests.xctest */ = {isa = PBXFileReference; explicitFileType = wrapper.cfbundle; includeInIndex = 0; path = CardsDesignUITests.xctest; sourceTree = BUILT_PRODUCTS_DIR; };
		54039DFF1E01F92F00D9A007 /* CardsDesignUITests.swift */ = {isa = PBXFileReference; lastKnownFileType = sourcecode.swift; path = CardsDesignUITests.swift; sourceTree = "<group>"; };
		54039E011E01F92F00D9A007 /* Info.plist */ = {isa = PBXFileReference; lastKnownFileType = text.plist.xml; path = Info.plist; sourceTree = "<group>"; };
		54792B181E02162B003C6372 /* DraggableView.swift */ = {isa = PBXFileReference; fileEncoding = 4; lastKnownFileType = sourcecode.swift; path = DraggableView.swift; sourceTree = "<group>"; };
		54792B191E02162B003C6372 /* DraggableViewBackground.swift */ = {isa = PBXFileReference; fileEncoding = 4; lastKnownFileType = sourcecode.swift; path = DraggableViewBackground.swift; sourceTree = "<group>"; };
		54792B1A1E02162B003C6372 /* OverlayView.swift */ = {isa = PBXFileReference; fileEncoding = 4; lastKnownFileType = sourcecode.swift; path = OverlayView.swift; sourceTree = "<group>"; };
		54792B221E0299CE003C6372 /* Assets.xcassets */ = {isa = PBXFileReference; lastKnownFileType = folder.assetcatalog; path = Assets.xcassets; sourceTree = "<group>"; };
		54792B241E02B2C4003C6372 /* restaurant-1.jpg */ = {isa = PBXFileReference; lastKnownFileType = image.jpeg; path = "restaurant-1.jpg"; sourceTree = "<group>"; };
		54792B261E02B777003C6372 /* greenRect.png */ = {isa = PBXFileReference; lastKnownFileType = image.png; path = greenRect.png; sourceTree = "<group>"; };
		54AA26BE1E04085F004BE786 /* GetFirebaseData.swift */ = {isa = PBXFileReference; fileEncoding = 4; lastKnownFileType = sourcecode.swift; path = GetFirebaseData.swift; sourceTree = "<group>"; };
		54AA26C01E040A02004BE786 /* RestaurantModel.swift */ = {isa = PBXFileReference; fileEncoding = 4; lastKnownFileType = sourcecode.swift; path = RestaurantModel.swift; sourceTree = "<group>"; };
		54BA92CF1E03C74C00F71AF1 /* FIRDataObject.swift */ = {isa = PBXFileReference; fileEncoding = 4; lastKnownFileType = sourcecode.swift; path = FIRDataObject.swift; sourceTree = "<group>"; };
		54BA92D11E03D14400F71AF1 /* GoogleService-Info.plist */ = {isa = PBXFileReference; fileEncoding = 4; lastKnownFileType = text.plist.xml; path = "GoogleService-Info.plist"; sourceTree = "<group>"; };
		67918F76D9ADAF3611690466 /* Pods-CardsDesign.debug.xcconfig */ = {isa = PBXFileReference; includeInIndex = 1; lastKnownFileType = text.xcconfig; name = "Pods-CardsDesign.debug.xcconfig"; path = "Pods/Target Support Files/Pods-CardsDesign/Pods-CardsDesign.debug.xcconfig"; sourceTree = "<group>"; };
		6793292633CDDDD1E035AEC8 /* Pods-CardsDesign.release.xcconfig */ = {isa = PBXFileReference; includeInIndex = 1; lastKnownFileType = text.xcconfig; name = "Pods-CardsDesign.release.xcconfig"; path = "Pods/Target Support Files/Pods-CardsDesign/Pods-CardsDesign.release.xcconfig"; sourceTree = "<group>"; };
		9F8B29E942909EFE5A1C9214 /* Pods_CardsDesignTests.framework */ = {isa = PBXFileReference; explicitFileType = wrapper.framework; includeInIndex = 0; path = Pods_CardsDesignTests.framework; sourceTree = BUILT_PRODUCTS_DIR; };
		CB12D79146CDD5326BA87114 /* Pods_CardsDesign.framework */ = {isa = PBXFileReference; explicitFileType = wrapper.framework; includeInIndex = 0; path = Pods_CardsDesign.framework; sourceTree = BUILT_PRODUCTS_DIR; };
/* End PBXFileReference section */

/* Begin PBXFrameworksBuildPhase section */
		54039DD91E01F92E00D9A007 /* Frameworks */ = {
			isa = PBXFrameworksBuildPhase;
			buildActionMask = 2147483647;
			files = (
				09C0D31A83AE15B5D031FB80 /* Pods_CardsDesign.framework in Frameworks */,
			);
			runOnlyForDeploymentPostprocessing = 0;
		};
		54039DED1E01F92E00D9A007 /* Frameworks */ = {
			isa = PBXFrameworksBuildPhase;
			buildActionMask = 2147483647;
			files = (
			);
			runOnlyForDeploymentPostprocessing = 0;
		};
		54039DF81E01F92F00D9A007 /* Frameworks */ = {
			isa = PBXFrameworksBuildPhase;
			buildActionMask = 2147483647;
			files = (
			);
			runOnlyForDeploymentPostprocessing = 0;
		};
/* End PBXFrameworksBuildPhase section */

/* Begin PBXGroup section */
		2678F01846E20862CFAB955E /* Frameworks */ = {
			isa = PBXGroup;
			children = (
				CB12D79146CDD5326BA87114 /* Pods_CardsDesign.framework */,
				9F8B29E942909EFE5A1C9214 /* Pods_CardsDesignTests.framework */,
				05D84B35CB793CD878790675 /* Pods_CardsDesignUITests.framework */,
			);
			name = Frameworks;
			sourceTree = "<group>";
		};
		54039DD31E01F92E00D9A007 = {
			isa = PBXGroup;
			children = (
				54039DDE1E01F92E00D9A007 /* CardsDesign */,
				54039DF31E01F92E00D9A007 /* CardsDesignTests */,
				54039DFE1E01F92F00D9A007 /* CardsDesignUITests */,
				54039DDD1E01F92E00D9A007 /* Products */,
				844E11BE99E66B624EB7DF54 /* Pods */,
				2678F01846E20862CFAB955E /* Frameworks */,
			);
			sourceTree = "<group>";
		};
		54039DDD1E01F92E00D9A007 /* Products */ = {
			isa = PBXGroup;
			children = (
				54039DDC1E01F92E00D9A007 /* CardsDesign.app */,
				54039DF01E01F92E00D9A007 /* CardsDesignTests.xctest */,
				54039DFB1E01F92F00D9A007 /* CardsDesignUITests.xctest */,
			);
			name = Products;
			sourceTree = "<group>";
		};
		54039DDE1E01F92E00D9A007 /* CardsDesign */ = {
			isa = PBXGroup;
			children = (
				54039DDF1E01F92E00D9A007 /* AppDelegate.swift */,
				54039DE11E01F92E00D9A007 /* ViewController.swift */,
				54792B181E02162B003C6372 /* DraggableView.swift */,
				54792B191E02162B003C6372 /* DraggableViewBackground.swift */,
				54792B1A1E02162B003C6372 /* OverlayView.swift */,
				54BA92CF1E03C74C00F71AF1 /* FIRDataObject.swift */,
				54AA26BE1E04085F004BE786 /* GetFirebaseData.swift */,
				54AA26C01E040A02004BE786 /* RestaurantModel.swift */,
				54039DE31E01F92E00D9A007 /* Main.storyboard */,
				54039DE81E01F92E00D9A007 /* LaunchScreen.storyboard */,
				54792B221E0299CE003C6372 /* Assets.xcassets */,
				54792B261E02B777003C6372 /* greenRect.png */,
				54792B241E02B2C4003C6372 /* restaurant-1.jpg */,
				54BA92D11E03D14400F71AF1 /* GoogleService-Info.plist */,
				54039DEB1E01F92E00D9A007 /* Info.plist */,
			);
			path = CardsDesign;
			sourceTree = "<group>";
		};
		54039DF31E01F92E00D9A007 /* CardsDesignTests */ = {
			isa = PBXGroup;
			children = (
				54039DF41E01F92E00D9A007 /* CardsDesignTests.swift */,
				54039DF61E01F92F00D9A007 /* Info.plist */,
			);
			path = CardsDesignTests;
			sourceTree = "<group>";
		};
		54039DFE1E01F92F00D9A007 /* CardsDesignUITests */ = {
			isa = PBXGroup;
			children = (
				54039DFF1E01F92F00D9A007 /* CardsDesignUITests.swift */,
				54039E011E01F92F00D9A007 /* Info.plist */,
			);
			path = CardsDesignUITests;
			sourceTree = "<group>";
		};
		844E11BE99E66B624EB7DF54 /* Pods */ = {
			isa = PBXGroup;
			children = (
				67918F76D9ADAF3611690466 /* Pods-CardsDesign.debug.xcconfig */,
				6793292633CDDDD1E035AEC8 /* Pods-CardsDesign.release.xcconfig */,
			);
			name = Pods;
			sourceTree = "<group>";
		};
/* End PBXGroup section */

/* Begin PBXNativeTarget section */
		54039DDB1E01F92E00D9A007 /* CardsDesign */ = {
			isa = PBXNativeTarget;
			buildConfigurationList = 54039E041E01F92F00D9A007 /* Build configuration list for PBXNativeTarget "CardsDesign" */;
			buildPhases = (
				462466455DE52C0053CE8957 /* [CP] Check Pods Manifest.lock */,
				54039DD81E01F92E00D9A007 /* Sources */,
				54039DD91E01F92E00D9A007 /* Frameworks */,
				54039DDA1E01F92E00D9A007 /* Resources */,
				2F86FF51204C502FB4193ED8 /* [CP] Embed Pods Frameworks */,
				EEEF3286332916D2BF8E0ECC /* [CP] Copy Pods Resources */,
			);
			buildRules = (
			);
			dependencies = (
			);
			name = CardsDesign;
			productName = CardsDesign;
			productReference = 54039DDC1E01F92E00D9A007 /* CardsDesign.app */;
			productType = "com.apple.product-type.application";
		};
		54039DEF1E01F92E00D9A007 /* CardsDesignTests */ = {
			isa = PBXNativeTarget;
			buildConfigurationList = 54039E071E01F92F00D9A007 /* Build configuration list for PBXNativeTarget "CardsDesignTests" */;
			buildPhases = (
				54039DEC1E01F92E00D9A007 /* Sources */,
				54039DED1E01F92E00D9A007 /* Frameworks */,
				54039DEE1E01F92E00D9A007 /* Resources */,
			);
			buildRules = (
			);
			dependencies = (
				54039DF21E01F92E00D9A007 /* PBXTargetDependency */,
			);
			name = CardsDesignTests;
			productName = CardsDesignTests;
			productReference = 54039DF01E01F92E00D9A007 /* CardsDesignTests.xctest */;
			productType = "com.apple.product-type.bundle.unit-test";
		};
		54039DFA1E01F92F00D9A007 /* CardsDesignUITests */ = {
			isa = PBXNativeTarget;
			buildConfigurationList = 54039E0A1E01F92F00D9A007 /* Build configuration list for PBXNativeTarget "CardsDesignUITests" */;
			buildPhases = (
				54039DF71E01F92F00D9A007 /* Sources */,
				54039DF81E01F92F00D9A007 /* Frameworks */,
				54039DF91E01F92F00D9A007 /* Resources */,
			);
			buildRules = (
			);
			dependencies = (
				54039DFD1E01F92F00D9A007 /* PBXTargetDependency */,
			);
			name = CardsDesignUITests;
			productName = CardsDesignUITests;
			productReference = 54039DFB1E01F92F00D9A007 /* CardsDesignUITests.xctest */;
			productType = "com.apple.product-type.bundle.ui-testing";
		};
/* End PBXNativeTarget section */

/* Begin PBXProject section */
		54039DD41E01F92E00D9A007 /* Project object */ = {
			isa = PBXProject;
			attributes = {
				LastSwiftUpdateCheck = 0820;
				LastUpgradeCheck = 0820;
				ORGANIZATIONNAME = "Abhinay Varma";
				TargetAttributes = {
					54039DDB1E01F92E00D9A007 = {
						CreatedOnToolsVersion = 8.2;
						ProvisioningStyle = Automatic;
					};
					54039DEF1E01F92E00D9A007 = {
						CreatedOnToolsVersion = 8.2;
						ProvisioningStyle = Automatic;
						TestTargetID = 54039DDB1E01F92E00D9A007;
					};
					54039DFA1E01F92F00D9A007 = {
						CreatedOnToolsVersion = 8.2;
						ProvisioningStyle = Automatic;
						TestTargetID = 54039DDB1E01F92E00D9A007;
					};
				};
			};
			buildConfigurationList = 54039DD71E01F92E00D9A007 /* Build configuration list for PBXProject "CardsDesign" */;
			compatibilityVersion = "Xcode 3.2";
			developmentRegion = English;
			hasScannedForEncodings = 0;
			knownRegions = (
				en,
				Base,
			);
			mainGroup = 54039DD31E01F92E00D9A007;
			productRefGroup = 54039DDD1E01F92E00D9A007 /* Products */;
			projectDirPath = "";
			projectRoot = "";
			targets = (
				54039DDB1E01F92E00D9A007 /* CardsDesign */,
				54039DEF1E01F92E00D9A007 /* CardsDesignTests */,
				54039DFA1E01F92F00D9A007 /* CardsDesignUITests */,
			);
		};
/* End PBXProject section */

/* Begin PBXResourcesBuildPhase section */
		54039DDA1E01F92E00D9A007 /* Resources */ = {
			isa = PBXResourcesBuildPhase;
			buildActionMask = 2147483647;
			files = (
				54039DEA1E01F92E00D9A007 /* LaunchScreen.storyboard in Resources */,
				54792B231E0299CE003C6372 /* Assets.xcassets in Resources */,
				54792B271E02B777003C6372 /* greenRect.png in Resources */,
				54792B251E02B2C4003C6372 /* restaurant-1.jpg in Resources */,
				54039DE51E01F92E00D9A007 /* Main.storyboard in Resources */,
				54BA92D21E03D14400F71AF1 /* GoogleService-Info.plist in Resources */,
			);
			runOnlyForDeploymentPostprocessing = 0;
		};
		54039DEE1E01F92E00D9A007 /* Resources */ = {
			isa = PBXResourcesBuildPhase;
			buildActionMask = 2147483647;
			files = (
			);
			runOnlyForDeploymentPostprocessing = 0;
		};
		54039DF91E01F92F00D9A007 /* Resources */ = {
			isa = PBXResourcesBuildPhase;
			buildActionMask = 2147483647;
			files = (
			);
			runOnlyForDeploymentPostprocessing = 0;
		};
/* End PBXResourcesBuildPhase section */

/* Begin PBXShellScriptBuildPhase section */
		2F86FF51204C502FB4193ED8 /* [CP] Embed Pods Frameworks */ = {
			isa = PBXShellScriptBuildPhase;
			buildActionMask = 2147483647;
			files = (
			);
			inputPaths = (
			);
			name = "[CP] Embed Pods Frameworks";
			outputPaths = (
			);
			runOnlyForDeploymentPostprocessing = 0;
			shellPath = /bin/sh;
			shellScript = "\"${SRCROOT}/Pods/Target Support Files/Pods-CardsDesign/Pods-CardsDesign-frameworks.sh\"\n";
			showEnvVarsInLog = 0;
		};
		462466455DE52C0053CE8957 /* [CP] Check Pods Manifest.lock */ = {
			isa = PBXShellScriptBuildPhase;
			buildActionMask = 2147483647;
			files = (
			);
			inputPaths = (
			);
			name = "[CP] Check Pods Manifest.lock";
			outputPaths = (
			);
			runOnlyForDeploymentPostprocessing = 0;
			shellPath = /bin/sh;
			shellScript = "diff \"${PODS_ROOT}/../Podfile.lock\" \"${PODS_ROOT}/Manifest.lock\" > /dev/null\nif [ $? != 0 ] ; then\n    # print error to STDERR\n    echo \"error: The sandbox is not in sync with the Podfile.lock. Run 'pod install' or update your CocoaPods installation.\" >&2\n    exit 1\nfi\n";
			showEnvVarsInLog = 0;
		};
		EEEF3286332916D2BF8E0ECC /* [CP] Copy Pods Resources */ = {
			isa = PBXShellScriptBuildPhase;
			buildActionMask = 2147483647;
			files = (
			);
			inputPaths = (
			);
			name = "[CP] Copy Pods Resources";
			outputPaths = (
			);
			runOnlyForDeploymentPostprocessing = 0;
			shellPath = /bin/sh;
			shellScript = "\"${SRCROOT}/Pods/Target Support Files/Pods-CardsDesign/Pods-CardsDesign-resources.sh\"\n";
			showEnvVarsInLog = 0;
		};
/* End PBXShellScriptBuildPhase section */

/* Begin PBXSourcesBuildPhase section */
		54039DD81E01F92E00D9A007 /* Sources */ = {
			isa = PBXSourcesBuildPhase;
			buildActionMask = 2147483647;
			files = (
				54AA26BF1E04085F004BE786 /* GetFirebaseData.swift in Sources */,
				54792B1C1E02162B003C6372 /* DraggableViewBackground.swift in Sources */,
				54AA26C11E040A02004BE786 /* RestaurantModel.swift in Sources */,
				54792B1B1E02162B003C6372 /* DraggableView.swift in Sources */,
				54BA92D01E03C74C00F71AF1 /* FIRDataObject.swift in Sources */,
				54039DE21E01F92E00D9A007 /* ViewController.swift in Sources */,
				54039DE01E01F92E00D9A007 /* AppDelegate.swift in Sources */,
				54792B1D1E02162B003C6372 /* OverlayView.swift in Sources */,
			);
			runOnlyForDeploymentPostprocessing = 0;
		};
		54039DEC1E01F92E00D9A007 /* Sources */ = {
			isa = PBXSourcesBuildPhase;
			buildActionMask = 2147483647;
			files = (
				54039DF51E01F92E00D9A007 /* CardsDesignTests.swift in Sources */,
			);
			runOnlyForDeploymentPostprocessing = 0;
		};
		54039DF71E01F92F00D9A007 /* Sources */ = {
			isa = PBXSourcesBuildPhase;
			buildActionMask = 2147483647;
			files = (
				54039E001E01F92F00D9A007 /* CardsDesignUITests.swift in Sources */,
			);
			runOnlyForDeploymentPostprocessing = 0;
		};
/* End PBXSourcesBuildPhase section */

/* Begin PBXTargetDependency section */
		54039DF21E01F92E00D9A007 /* PBXTargetDependency */ = {
			isa = PBXTargetDependency;
			target = 54039DDB1E01F92E00D9A007 /* CardsDesign */;
			targetProxy = 54039DF11E01F92E00D9A007 /* PBXContainerItemProxy */;
		};
		54039DFD1E01F92F00D9A007 /* PBXTargetDependency */ = {
			isa = PBXTargetDependency;
			target = 54039DDB1E01F92E00D9A007 /* CardsDesign */;
			targetProxy = 54039DFC1E01F92F00D9A007 /* PBXContainerItemProxy */;
		};
/* End PBXTargetDependency section */

/* Begin PBXVariantGroup section */
		54039DE31E01F92E00D9A007 /* Main.storyboard */ = {
			isa = PBXVariantGroup;
			children = (
				54039DE41E01F92E00D9A007 /* Base */,
			);
			name = Main.storyboard;
			sourceTree = "<group>";
		};
		54039DE81E01F92E00D9A007 /* LaunchScreen.storyboard */ = {
			isa = PBXVariantGroup;
			children = (
				54039DE91E01F92E00D9A007 /* Base */,
			);
			name = LaunchScreen.storyboard;
			sourceTree = "<group>";
		};
/* End PBXVariantGroup section */

/* Begin XCBuildConfiguration section */
		54039E021E01F92F00D9A007 /* Debug */ = {
			isa = XCBuildConfiguration;
			buildSettings = {
				ALWAYS_SEARCH_USER_PATHS = NO;
				CLANG_ANALYZER_NONNULL = YES;
				CLANG_CXX_LANGUAGE_STANDARD = "gnu++0x";
				CLANG_CXX_LIBRARY = "libc++";
				CLANG_ENABLE_MODULES = YES;
				CLANG_ENABLE_OBJC_ARC = YES;
				CLANG_WARN_BOOL_CONVERSION = YES;
				CLANG_WARN_CONSTANT_CONVERSION = YES;
				CLANG_WARN_DIRECT_OBJC_ISA_USAGE = YES_ERROR;
				CLANG_WARN_DOCUMENTATION_COMMENTS = YES;
				CLANG_WARN_EMPTY_BODY = YES;
				CLANG_WARN_ENUM_CONVERSION = YES;
				CLANG_WARN_INFINITE_RECURSION = YES;
				CLANG_WARN_INT_CONVERSION = YES;
				CLANG_WARN_OBJC_ROOT_CLASS = YES_ERROR;
				CLANG_WARN_SUSPICIOUS_MOVE = YES;
				CLANG_WARN_UNREACHABLE_CODE = YES;
				CLANG_WARN__DUPLICATE_METHOD_MATCH = YES;
				"CODE_SIGN_IDENTITY[sdk=iphoneos*]" = "iPhone Developer";
				COPY_PHASE_STRIP = NO;
				DEBUG_INFORMATION_FORMAT = dwarf;
				ENABLE_STRICT_OBJC_MSGSEND = YES;
				ENABLE_TESTABILITY = YES;
				GCC_C_LANGUAGE_STANDARD = gnu99;
				GCC_DYNAMIC_NO_PIC = NO;
				GCC_NO_COMMON_BLOCKS = YES;
				GCC_OPTIMIZATION_LEVEL = 0;
				GCC_PREPROCESSOR_DEFINITIONS = (
					"DEBUG=1",
					"$(inherited)",
				);
				GCC_WARN_64_TO_32_BIT_CONVERSION = YES;
				GCC_WARN_ABOUT_RETURN_TYPE = YES_ERROR;
				GCC_WARN_UNDECLARED_SELECTOR = YES;
				GCC_WARN_UNINITIALIZED_AUTOS = YES_AGGRESSIVE;
				GCC_WARN_UNUSED_FUNCTION = YES;
				GCC_WARN_UNUSED_VARIABLE = YES;
				IPHONEOS_DEPLOYMENT_TARGET = 10.2;
				MTL_ENABLE_DEBUG_INFO = YES;
				ONLY_ACTIVE_ARCH = YES;
				SDKROOT = iphoneos;
				SWIFT_ACTIVE_COMPILATION_CONDITIONS = DEBUG;
				SWIFT_OPTIMIZATION_LEVEL = "-Onone";
				TARGETED_DEVICE_FAMILY = "1,2";
			};
			name = Debug;
		};
		54039E031E01F92F00D9A007 /* Release */ = {
			isa = XCBuildConfiguration;
			buildSettings = {
				ALWAYS_SEARCH_USER_PATHS = NO;
				CLANG_ANALYZER_NONNULL = YES;
				CLANG_CXX_LANGUAGE_STANDARD = "gnu++0x";
				CLANG_CXX_LIBRARY = "libc++";
				CLANG_ENABLE_MODULES = YES;
				CLANG_ENABLE_OBJC_ARC = YES;
				CLANG_WARN_BOOL_CONVERSION = YES;
				CLANG_WARN_CONSTANT_CONVERSION = YES;
				CLANG_WARN_DIRECT_OBJC_ISA_USAGE = YES_ERROR;
				CLANG_WARN_DOCUMENTATION_COMMENTS = YES;
				CLANG_WARN_EMPTY_BODY = YES;
				CLANG_WARN_ENUM_CONVERSION = YES;
				CLANG_WARN_INFINITE_RECURSION = YES;
				CLANG_WARN_INT_CONVERSION = YES;
				CLANG_WARN_OBJC_ROOT_CLASS = YES_ERROR;
				CLANG_WARN_SUSPICIOUS_MOVE = YES;
				CLANG_WARN_UNREACHABLE_CODE = YES;
				CLANG_WARN__DUPLICATE_METHOD_MATCH = YES;
				"CODE_SIGN_IDENTITY[sdk=iphoneos*]" = "iPhone Developer";
				COPY_PHASE_STRIP = NO;
				DEBUG_INFORMATION_FORMAT = "dwarf-with-dsym";
				ENABLE_NS_ASSERTIONS = NO;
				ENABLE_STRICT_OBJC_MSGSEND = YES;
				GCC_C_LANGUAGE_STANDARD = gnu99;
				GCC_NO_COMMON_BLOCKS = YES;
				GCC_WARN_64_TO_32_BIT_CONVERSION = YES;
				GCC_WARN_ABOUT_RETURN_TYPE = YES_ERROR;
				GCC_WARN_UNDECLARED_SELECTOR = YES;
				GCC_WARN_UNINITIALIZED_AUTOS = YES_AGGRESSIVE;
				GCC_WARN_UNUSED_FUNCTION = YES;
				GCC_WARN_UNUSED_VARIABLE = YES;
				IPHONEOS_DEPLOYMENT_TARGET = 10.2;
				MTL_ENABLE_DEBUG_INFO = NO;
				SDKROOT = iphoneos;
				SWIFT_OPTIMIZATION_LEVEL = "-Owholemodule";
				TARGETED_DEVICE_FAMILY = "1,2";
				VALIDATE_PRODUCT = YES;
			};
			name = Release;
		};
		54039E051E01F92F00D9A007 /* Debug */ = {
			isa = XCBuildConfiguration;
			baseConfigurationReference = 67918F76D9ADAF3611690466 /* Pods-CardsDesign.debug.xcconfig */;
			buildSettings = {
				ASSETCATALOG_COMPILER_APPICON_NAME = AppIcon;
				INFOPLIST_FILE = CardsDesign/Info.plist;
				LD_RUNPATH_SEARCH_PATHS = "$(inherited) @executable_path/Frameworks";
				PRODUCT_BUNDLE_IDENTIFIER = purplehawk.abhinay.CardsDesign;
				PRODUCT_NAME = "$(TARGET_NAME)";
				SWIFT_VERSION = 3.0;
			};
			name = Debug;
		};
		54039E061E01F92F00D9A007 /* Release */ = {
			isa = XCBuildConfiguration;
			baseConfigurationReference = 6793292633CDDDD1E035AEC8 /* Pods-CardsDesign.release.xcconfig */;
			buildSettings = {
				ASSETCATALOG_COMPILER_APPICON_NAME = AppIcon;
				INFOPLIST_FILE = CardsDesign/Info.plist;
				LD_RUNPATH_SEARCH_PATHS = "$(inherited) @executable_path/Frameworks";
				PRODUCT_BUNDLE_IDENTIFIER = purplehawk.abhinay.CardsDesign;
				PRODUCT_NAME = "$(TARGET_NAME)";
				SWIFT_VERSION = 3.0;
			};
			name = Release;
		};
		54039E081E01F92F00D9A007 /* Debug */ = {
			isa = XCBuildConfiguration;
			buildSettings = {
				ALWAYS_EMBED_SWIFT_STANDARD_LIBRARIES = YES;
				BUNDLE_LOADER = "$(TEST_HOST)";
				INFOPLIST_FILE = CardsDesignTests/Info.plist;
				LD_RUNPATH_SEARCH_PATHS = "$(inherited) @executable_path/Frameworks @loader_path/Frameworks";
				PRODUCT_BUNDLE_IDENTIFIER = purplehawk.abhinay.CardsDesignTests;
				PRODUCT_NAME = "$(TARGET_NAME)";
				SWIFT_VERSION = 3.0;
				TEST_HOST = "$(BUILT_PRODUCTS_DIR)/CardsDesign.app/CardsDesign";
			};
			name = Debug;
		};
		54039E091E01F92F00D9A007 /* Release */ = {
			isa = XCBuildConfiguration;
			buildSettings = {
				ALWAYS_EMBED_SWIFT_STANDARD_LIBRARIES = YES;
				BUNDLE_LOADER = "$(TEST_HOST)";
				INFOPLIST_FILE = CardsDesignTests/Info.plist;
				LD_RUNPATH_SEARCH_PATHS = "$(inherited) @executable_path/Frameworks @loader_path/Frameworks";
				PRODUCT_BUNDLE_IDENTIFIER = purplehawk.abhinay.CardsDesignTests;
				PRODUCT_NAME = "$(TARGET_NAME)";
				SWIFT_VERSION = 3.0;
				TEST_HOST = "$(BUILT_PRODUCTS_DIR)/CardsDesign.app/CardsDesign";
			};
			name = Release;
		};
		54039E0B1E01F92F00D9A007 /* Debug */ = {
			isa = XCBuildConfiguration;
			buildSettings = {
				ALWAYS_EMBED_SWIFT_STANDARD_LIBRARIES = YES;
				INFOPLIST_FILE = CardsDesignUITests/Info.plist;
				LD_RUNPATH_SEARCH_PATHS = "$(inherited) @executable_path/Frameworks @loader_path/Frameworks";
				PRODUCT_BUNDLE_IDENTIFIER = purplehawk.abhinay.CardsDesignUITests;
				PRODUCT_NAME = "$(TARGET_NAME)";
				SWIFT_VERSION = 3.0;
				TEST_TARGET_NAME = CardsDesign;
			};
			name = Debug;
		};
		54039E0C1E01F92F00D9A007 /* Release */ = {
			isa = XCBuildConfiguration;
			buildSettings = {
				ALWAYS_EMBED_SWIFT_STANDARD_LIBRARIES = YES;
				INFOPLIST_FILE = CardsDesignUITests/Info.plist;
				LD_RUNPATH_SEARCH_PATHS = "$(inherited) @executable_path/Frameworks @loader_path/Frameworks";
				PRODUCT_BUNDLE_IDENTIFIER = purplehawk.abhinay.CardsDesignUITests;
				PRODUCT_NAME = "$(TARGET_NAME)";
				SWIFT_VERSION = 3.0;
				TEST_TARGET_NAME = CardsDesign;
			};
			name = Release;
		};
/* End XCBuildConfiguration section */

/* Begin XCConfigurationList section */
		54039DD71E01F92E00D9A007 /* Build configuration list for PBXProject "CardsDesign" */ = {
			isa = XCConfigurationList;
			buildConfigurations = (
				54039E021E01F92F00D9A007 /* Debug */,
				54039E031E01F92F00D9A007 /* Release */,
			);
			defaultConfigurationIsVisible = 0;
			defaultConfigurationName = Release;
		};
		54039E041E01F92F00D9A007 /* Build configuration list for PBXNativeTarget "CardsDesign" */ = {
			isa = XCConfigurationList;
			buildConfigurations = (
				54039E051E01F92F00D9A007 /* Debug */,
				54039E061E01F92F00D9A007 /* Release */,
			);
			defaultConfigurationIsVisible = 0;
			defaultConfigurationName = Release;
		};
		54039E071E01F92F00D9A007 /* Build configuration list for PBXNativeTarget "CardsDesignTests" */ = {
			isa = XCConfigurationList;
			buildConfigurations = (
				54039E081E01F92F00D9A007 /* Debug */,
				54039E091E01F92F00D9A007 /* Release */,
			);
			defaultConfigurationIsVisible = 0;
			defaultConfigurationName = Release;
		};
		54039E0A1E01F92F00D9A007 /* Build configuration list for PBXNativeTarget "CardsDesignUITests" */ = {
			isa = XCConfigurationList;
			buildConfigurations = (
				54039E0B1E01F92F00D9A007 /* Debug */,
				54039E0C1E01F92F00D9A007 /* Release */,
			);
			defaultConfigurationIsVisible = 0;
			defaultConfigurationName = Release;
		};
/* End XCConfigurationList section */
	};
	rootObject = 54039DD41E01F92E00D9A007 /* Project object */;
}
